<Solution>
  <Folder Name="/Platforms/">
    <Project Path="Manhead.DesktopGL/Manhead.DesktopGL.csproj" />
    <Project Path="Manhead.Android/Manhead.Android.csproj" />
  </Folder>
  <Project Path="Manhead.Content/Manhead.Content.csproj" />
  <Project Path="Manhead.Core/Manhead.Core.csproj" />
  <Project Path="Manhead.Core.Logic/Manhead.Core.Logic.csproj" />
</Solution>
